github.com/appleboy/com v0.1.6 h1:vP9ryTIbSFaXSrZcFTU7RRcgPbrpGJ0Oy5wpgEkQ2m8=
github.com/appleboy/com v0.1.6/go.mod h1:jnufjIC3opMlReyPPPye+8JqNvUzLm25o7h6SOy8nv0=
github.com/appleboy/com v0.1.7 h1:4lYTFNoMAAXGGIC8lDxVg/NY+1aXbYqfAWN05cZhd0M=
github.com/appleboy/com v0.1.7/go.mod h1:JUK+oH0SXCLRH57pDMJx6VWVsm8CPdajalmRSWwamBE=
